// !$*UTF8*$!
{
	archiveVersion = 1;
	classes = {
	};
	objectVersion = 56;
	objects = {

/* Begin PBXBuildFile section */
		DE0FD4C82B2B06EA00902B07 /* GetMyProfile.swift in Sources */ = {isa = PBXBuildFile; fileRef = DE0FD4C72B2B06EA00902B07 /* GetMyProfile.swift */; };
		DE0FD4CA2B2B099C00902B07 /* MyAccountViewModel.swift in Sources */ = {isa = PBXBuildFile; fileRef = DE0FD4C92B2B099C00902B07 /* MyAccountViewModel.swift */; };
		DE32BCAB2B279E36004AEB8B /* ContentItem.swift in Sources */ = {isa = PBXBuildFile; fileRef = DE32BCAA2B279E36004AEB8B /* ContentItem.swift */; };
		DE32BCAD2B279EAF004AEB8B /* InfoItem.swift in Sources */ = {isa = PBXBuildFile; fileRef = DE32BCAC2B279EAF004AEB8B /* InfoItem.swift */; };
		DE3832312B091BAF002C6960 /* SUIT-Variable.ttf in Resources */ = {isa = PBXBuildFile; fileRef = DE3832302B091BAF002C6960 /* SUIT-Variable.ttf */; };
		DE3832342B091CBD002C6960 /* Font.swift in Sources */ = {isa = PBXBuildFile; fileRef = DE3832332B091CBD002C6960 /* Font.swift */; };
		DE3832362B0932E5002C6960 /* SignUpViewController.swift in Sources */ = {isa = PBXBuildFile; fileRef = DE3832352B0932E5002C6960 /* SignUpViewController.swift */; };
		DE3832392B093694002C6960 /* ViewModelType.swift in Sources */ = {isa = PBXBuildFile; fileRef = DE3832382B093694002C6960 /* ViewModelType.swift */; };
		DE38323B2B0936D0002C6960 /* LoginViewModel.swift in Sources */ = {isa = PBXBuildFile; fileRef = DE38323A2B0936D0002C6960 /* LoginViewModel.swift */; };
		DE3A00582B2826F900624BF6 /* CommentView.swift in Sources */ = {isa = PBXBuildFile; fileRef = DE3A00572B2826F900624BF6 /* CommentView.swift */; };
		DE3A005C2B28415500624BF6 /* CommentTextField.swift in Sources */ = {isa = PBXBuildFile; fileRef = DE3A005B2B28415500624BF6 /* CommentTextField.swift */; };
		DE3A00612B286A5600624BF6 /* HashTagButton.swift in Sources */ = {isa = PBXBuildFile; fileRef = DE3A00602B286A5600624BF6 /* HashTagButton.swift */; };
		DE3A00642B28792700624BF6 /* CreateComment.swift in Sources */ = {isa = PBXBuildFile; fileRef = DE3A00632B28792700624BF6 /* CreateComment.swift */; };
		DE3A00662B287D4400624BF6 /* StyleDetailViewModel.swift in Sources */ = {isa = PBXBuildFile; fileRef = DE3A00652B287D4400624BF6 /* StyleDetailViewModel.swift */; };
		DE6137BB2B207D7B0011E6A5 /* StyleDetailViewController.swift in Sources */ = {isa = PBXBuildFile; fileRef = DE6137BA2B207D7B0011E6A5 /* StyleDetailViewController.swift */; };
		DE6137BD2B2084A30011E6A5 /* ViewBuilder.swift in Sources */ = {isa = PBXBuildFile; fileRef = DE6137BC2B2084A30011E6A5 /* ViewBuilder.swift */; };
		DE6137C82B21A0940011E6A5 /* StyleDetailView.swift in Sources */ = {isa = PBXBuildFile; fileRef = DE6137C72B21A0940011E6A5 /* StyleDetailView.swift */; };
		DE6137CB2B21AFA30011E6A5 /* ContentCell.swift in Sources */ = {isa = PBXBuildFile; fileRef = DE6137CA2B21AFA30011E6A5 /* ContentCell.swift */; };
		DE6137CD2B21AFAF0011E6A5 /* InfoCell.swift in Sources */ = {isa = PBXBuildFile; fileRef = DE6137CC2B21AFAF0011E6A5 /* InfoCell.swift */; };
		DE6137CF2B21AFBB0011E6A5 /* CommentCell.swift in Sources */ = {isa = PBXBuildFile; fileRef = DE6137CE2B21AFBB0011E6A5 /* CommentCell.swift */; };
		DE6562972B0B2874000FE5B8 /* SignUpViewModel.swift in Sources */ = {isa = PBXBuildFile; fileRef = DE6562962B0B2874000FE5B8 /* SignUpViewModel.swift */; };
		DE6562AA2B0C927A000FE5B8 /* APIError.swift in Sources */ = {isa = PBXBuildFile; fileRef = DE6562A92B0C927A000FE5B8 /* APIError.swift */; };
		DE6DCD242B0623E6009236FD /* AppDelegate.swift in Sources */ = {isa = PBXBuildFile; fileRef = DE6DCD232B0623E6009236FD /* AppDelegate.swift */; };
		DE6DCD262B0623E6009236FD /* SceneDelegate.swift in Sources */ = {isa = PBXBuildFile; fileRef = DE6DCD252B0623E6009236FD /* SceneDelegate.swift */; };
		DE6DCD2D2B0623E8009236FD /* Assets.xcassets in Resources */ = {isa = PBXBuildFile; fileRef = DE6DCD2C2B0623E8009236FD /* Assets.xcassets */; };
		DE6DCD302B0623E8009236FD /* LaunchScreen.storyboard in Resources */ = {isa = PBXBuildFile; fileRef = DE6DCD2E2B0623E8009236FD /* LaunchScreen.storyboard */; };
		DE6DCD3B2B0623E8009236FD /* WhipItTests.swift in Sources */ = {isa = PBXBuildFile; fileRef = DE6DCD3A2B0623E8009236FD /* WhipItTests.swift */; };
		DE6DCD452B0623E8009236FD /* WhipItUITests.swift in Sources */ = {isa = PBXBuildFile; fileRef = DE6DCD442B0623E8009236FD /* WhipItUITests.swift */; };
		DE6DCD472B0623E8009236FD /* WhipItUITestsLaunchTests.swift in Sources */ = {isa = PBXBuildFile; fileRef = DE6DCD462B0623E8009236FD /* WhipItUITestsLaunchTests.swift */; };
		DE6DCD5B2B062B0B009236FD /* BaseViewController.swift in Sources */ = {isa = PBXBuildFile; fileRef = DE6DCD5A2B062B0B009236FD /* BaseViewController.swift */; };
		DE6DCD6C2B062D51009236FD /* LoginViewController.swift in Sources */ = {isa = PBXBuildFile; fileRef = DE6DCD6B2B062D51009236FD /* LoginViewController.swift */; };
		DE6DCD6F2B062E0D009236FD /* UnderlineTextField.swift in Sources */ = {isa = PBXBuildFile; fileRef = DE6DCD6E2B062E0D009236FD /* UnderlineTextField.swift */; };
		DE6DCD712B062EFE009236FD /* TextFieldBuilder.swift in Sources */ = {isa = PBXBuildFile; fileRef = DE6DCD702B062EFE009236FD /* TextFieldBuilder.swift */; };
		DE6DCD732B062F70009236FD /* LabelBuilder.swift in Sources */ = {isa = PBXBuildFile; fileRef = DE6DCD722B062F70009236FD /* LabelBuilder.swift */; };
		DE6DCD752B06359B009236FD /* ButtonBuilder.swift in Sources */ = {isa = PBXBuildFile; fileRef = DE6DCD742B06359B009236FD /* ButtonBuilder.swift */; };
		DE6DCD7A2B0640C6009236FD /* SignUp.swift in Sources */ = {isa = PBXBuildFile; fileRef = DE6DCD792B0640C6009236FD /* SignUp.swift */; };
		DE6DCD7F2B064228009236FD /* LSLPAPI.swift in Sources */ = {isa = PBXBuildFile; fileRef = DE6DCD7E2B064228009236FD /* LSLPAPI.swift */; };
		DE6DCD852B0645C9009236FD /* .gitignore in Resources */ = {isa = PBXBuildFile; fileRef = DE6DCD842B0645C9009236FD /* .gitignore */; };
		DE6DCD872B0645F0009236FD /* APIKey.swift in Sources */ = {isa = PBXBuildFile; fileRef = DE6DCD862B0645F0009236FD /* APIKey.swift */; };
		DE6DCD892B064826009236FD /* EmailValidation.swift in Sources */ = {isa = PBXBuildFile; fileRef = DE6DCD882B064826009236FD /* EmailValidation.swift */; };
		DE6DCD8B2B06482B009236FD /* Login.swift in Sources */ = {isa = PBXBuildFile; fileRef = DE6DCD8A2B06482B009236FD /* Login.swift */; };
		DE6DCD8D2B064834009236FD /* Withdraw.swift in Sources */ = {isa = PBXBuildFile; fileRef = DE6DCD8C2B064834009236FD /* Withdraw.swift */; };
		DE6DCD8F2B064C54009236FD /* APIManager.swift in Sources */ = {isa = PBXBuildFile; fileRef = DE6DCD8E2B064C54009236FD /* APIManager.swift */; };
		DEA03B6C2B0A0669009473D4 /* JoinView.swift in Sources */ = {isa = PBXBuildFile; fileRef = DEA03B6B2B0A0669009473D4 /* JoinView.swift */; };
		DEA1E3892B340E67007F949B /* FollowerViewController.swift in Sources */ = {isa = PBXBuildFile; fileRef = DEA1E3882B340E67007F949B /* FollowerViewController.swift */; };
		DEA1E3932B3410CC007F949B /* FollowerTableCell.swift in Sources */ = {isa = PBXBuildFile; fileRef = DEA1E3922B3410CC007F949B /* FollowerTableCell.swift */; };
		DEA1E3952B3410DA007F949B /* FollowerCollectionCell.swift in Sources */ = {isa = PBXBuildFile; fileRef = DEA1E3942B3410DA007F949B /* FollowerCollectionCell.swift */; };
		DEA1E3992B342CA0007F949B /* UnderlineSegmentedControl.swift in Sources */ = {isa = PBXBuildFile; fileRef = DEA1E3982B342CA0007F949B /* UnderlineSegmentedControl.swift */; };
		DEAC3CED2B0F42D50062E336 /* String+Extension.swift in Sources */ = {isa = PBXBuildFile; fileRef = DEAC3CEC2B0F42D50062E336 /* String+Extension.swift */; };
		DEAC3CF62B11D5F80062E336 /* SignUpSuccessViewController.swift in Sources */ = {isa = PBXBuildFile; fileRef = DEAC3CF52B11D5F80062E336 /* SignUpSuccessViewController.swift */; };
		DEAC3CF82B1213EF0062E336 /* ImageViewBuilder.swift in Sources */ = {isa = PBXBuildFile; fileRef = DEAC3CF72B1213EF0062E336 /* ImageViewBuilder.swift */; };
		DEAC3CFA2B121D140062E336 /* BlackBackgroundRoundedButton.swift in Sources */ = {isa = PBXBuildFile; fileRef = DEAC3CF92B121D140062E336 /* BlackBackgroundRoundedButton.swift */; };
		DEAC3CFF2B1286AA0062E336 /* KeyChainManager.swift in Sources */ = {isa = PBXBuildFile; fileRef = DEAC3CFE2B1286AA0062E336 /* KeyChainManager.swift */; };
		DEAC3D042B1300A10062E336 /* StyleListViewController.swift in Sources */ = {isa = PBXBuildFile; fileRef = DEAC3D032B1300A10062E336 /* StyleListViewController.swift */; };
		DEAC3D062B1305490062E336 /* UserDefaultsKey.swift in Sources */ = {isa = PBXBuildFile; fileRef = DEAC3D052B1305490062E336 /* UserDefaultsKey.swift */; };
		DEAC3D082B1305E30062E336 /* UserDefaultsManager.swift in Sources */ = {isa = PBXBuildFile; fileRef = DEAC3D072B1305E30062E336 /* UserDefaultsManager.swift */; };
		DEAC3D0A2B1305F80062E336 /* UserDefaultsWrapper.swift in Sources */ = {isa = PBXBuildFile; fileRef = DEAC3D092B1305F80062E336 /* UserDefaultsWrapper.swift */; };
		DEAC3D0C2B130C6A0062E336 /* BookMarkViewController.swift in Sources */ = {isa = PBXBuildFile; fileRef = DEAC3D0B2B130C6A0062E336 /* BookMarkViewController.swift */; };
		DEAC3D0E2B130C9E0062E336 /* MyAccountViewController.swift in Sources */ = {isa = PBXBuildFile; fileRef = DEAC3D0D2B130C9E0062E336 /* MyAccountViewController.swift */; };
		DEAC3D112B1320630062E336 /* AuthInterceptor.swift in Sources */ = {isa = PBXBuildFile; fileRef = DEAC3D102B1320630062E336 /* AuthInterceptor.swift */; };
		DEAC3D132B13291E0062E336 /* Refresh.swift in Sources */ = {isa = PBXBuildFile; fileRef = DEAC3D122B13291E0062E336 /* Refresh.swift */; };
		DEAC3D162B133BC50062E336 /* BaseCollectionViewCell.swift in Sources */ = {isa = PBXBuildFile; fileRef = DEAC3D152B133BC50062E336 /* BaseCollectionViewCell.swift */; };
		DEAC3D192B133BF50062E336 /* StyleCollectionViewCell.swift in Sources */ = {isa = PBXBuildFile; fileRef = DEAC3D182B133BF50062E336 /* StyleCollectionViewCell.swift */; };
		DEAC3D1B2B133D8F0062E336 /* RoundImageView.swift in Sources */ = {isa = PBXBuildFile; fileRef = DEAC3D1A2B133D8F0062E336 /* RoundImageView.swift */; };
		DEAC3D1D2B133FBD0062E336 /* StackViewBuilder.swift in Sources */ = {isa = PBXBuildFile; fileRef = DEAC3D1C2B133FBD0062E336 /* StackViewBuilder.swift */; };
		DEAC3D292B135E9A0062E336 /* PinterestLayout.swift in Sources */ = {isa = PBXBuildFile; fileRef = DEAC3D282B135E9A0062E336 /* PinterestLayout.swift */; };
		DEAC3D3D2B1481F40062E336 /* CreatePostViewController.swift in Sources */ = {isa = PBXBuildFile; fileRef = DEAC3D3C2B1481F40062E336 /* CreatePostViewController.swift */; };
		DEAC3D4A2B15D9030062E336 /* CreatePost.swift in Sources */ = {isa = PBXBuildFile; fileRef = DEAC3D492B15D9030062E336 /* CreatePost.swift */; };
		DEAC3D652B17ACBA0062E336 /* CreatePostViewModel.swift in Sources */ = {isa = PBXBuildFile; fileRef = DEAC3D642B17ACB90062E336 /* CreatePostViewModel.swift */; };
		DEC1F4322B2DFCD500E085FF /* ProfileSettingViewController.swift in Sources */ = {isa = PBXBuildFile; fileRef = DEC1F4312B2DFCD500E085FF /* ProfileSettingViewController.swift */; };
		DEC1F4342B2DFE2A00E085FF /* SettingView.swift in Sources */ = {isa = PBXBuildFile; fileRef = DEC1F4332B2DFE2A00E085FF /* SettingView.swift */; };
		DEC1F43E2B30BE4B00E085FF /* EditMyProfile.swift in Sources */ = {isa = PBXBuildFile; fileRef = DEC1F43D2B30BE4B00E085FF /* EditMyProfile.swift */; };
		DEC1F4432B30F04300E085FF /* EditProfileViewController.swift in Sources */ = {isa = PBXBuildFile; fileRef = DEC1F4422B30F04300E085FF /* EditProfileViewController.swift */; };
		DEC1F4452B30F91D00E085FF /* EditProfileViewModel.swift in Sources */ = {isa = PBXBuildFile; fileRef = DEC1F4442B30F91D00E085FF /* EditProfileViewModel.swift */; };
		DEC1F48A2B3132BC00E085FF /* HashtagTextView.swift in Sources */ = {isa = PBXBuildFile; fileRef = DEC1F4892B3132BC00E085FF /* HashtagTextView.swift */; };
		DEC1F48C2B31376600E085FF /* SearchViewController.swift in Sources */ = {isa = PBXBuildFile; fileRef = DEC1F48B2B31376600E085FF /* SearchViewController.swift */; };
		DEC518242B2C63D20007F92C /* BookMarkViewModel.swift in Sources */ = {isa = PBXBuildFile; fileRef = DEC518232B2C63D20007F92C /* BookMarkViewModel.swift */; };
		DECB97612B29A0800020F4B1 /* DeleteComment.swift in Sources */ = {isa = PBXBuildFile; fileRef = DECB97602B29A0800020F4B1 /* DeleteComment.swift */; };
		DECB97632B29D2AA0020F4B1 /* BookmarkButton.swift in Sources */ = {isa = PBXBuildFile; fileRef = DECB97622B29D2AA0020F4B1 /* BookmarkButton.swift */; };
		DECB97652B29D5FF0020F4B1 /* LikePost.swift in Sources */ = {isa = PBXBuildFile; fileRef = DECB97642B29D5FF0020F4B1 /* LikePost.swift */; };
		DECB97682B2AB8350020F4B1 /* BookMarkCell.swift in Sources */ = {isa = PBXBuildFile; fileRef = DECB97672B2AB8350020F4B1 /* BookMarkCell.swift */; };
		DECB976C2B2AC21C0020F4B1 /* ProfileCollectionCell.swift in Sources */ = {isa = PBXBuildFile; fileRef = DECB976B2B2AC21C0020F4B1 /* ProfileCollectionCell.swift */; };
		DECB976E2B2AC22D0020F4B1 /* AccountHeaderView.swift in Sources */ = {isa = PBXBuildFile; fileRef = DECB976D2B2AC22D0020F4B1 /* AccountHeaderView.swift */; };
		DED014A12B1F2B8900599DEF /* SplashViewController.swift in Sources */ = {isa = PBXBuildFile; fileRef = DED014A02B1F2B8900599DEF /* SplashViewController.swift */; };
		DED014A32B1F2CEB00599DEF /* SplashViewModel.swift in Sources */ = {isa = PBXBuildFile; fileRef = DED014A22B1F2CEB00599DEF /* SplashViewModel.swift */; };
		DED4B80C2B316E9A003DBC0F /* SearchViewModel.swift in Sources */ = {isa = PBXBuildFile; fileRef = DED4B80B2B316E9A003DBC0F /* SearchViewModel.swift */; };
		DED4B80E2B317B0E003DBC0F /* DeletePost.swift in Sources */ = {isa = PBXBuildFile; fileRef = DED4B80D2B317B0E003DBC0F /* DeletePost.swift */; };
		DED4B8102B31815E003DBC0F /* FollowButton.swift in Sources */ = {isa = PBXBuildFile; fileRef = DED4B80F2B31815E003DBC0F /* FollowButton.swift */; };
		DED4B8122B31846A003DBC0F /* Follow.swift in Sources */ = {isa = PBXBuildFile; fileRef = DED4B8112B31846A003DBC0F /* Follow.swift */; };
		DEEB8DE52B18AB82003D53FE /* StyleListViewModel.swift in Sources */ = {isa = PBXBuildFile; fileRef = DEEB8DE42B18AB82003D53FE /* StyleListViewModel.swift */; };
		DEEB8DE72B18AFFF003D53FE /* GetPost.swift in Sources */ = {isa = PBXBuildFile; fileRef = DEEB8DE62B18AFFF003D53FE /* GetPost.swift */; };
		DEEB8DEB2B18E471003D53FE /* UIImageView+Extension.swift in Sources */ = {isa = PBXBuildFile; fileRef = DEEB8DEA2B18E471003D53FE /* UIImageView+Extension.swift */; };
		DEF395872B2DEB050019FFE9 /* YPImagePicker in Frameworks */ = {isa = PBXBuildFile; productRef = DEF395862B2DEB050019FFE9 /* YPImagePicker */; };
		DEF3958A2B2DEB130019FFE9 /* Kingfisher in Frameworks */ = {isa = PBXBuildFile; productRef = DEF395892B2DEB130019FFE9 /* Kingfisher */; };
		DEF3958D2B2DEB1B0019FFE9 /* IQKeyboardManagerSwift in Frameworks */ = {isa = PBXBuildFile; productRef = DEF3958C2B2DEB1B0019FFE9 /* IQKeyboardManagerSwift */; };
		DEF395902B2DEB2E0019FFE9 /* RxCocoa in Frameworks */ = {isa = PBXBuildFile; productRef = DEF3958F2B2DEB2E0019FFE9 /* RxCocoa */; };
		DEF395922B2DEB2E0019FFE9 /* RxSwift in Frameworks */ = {isa = PBXBuildFile; productRef = DEF395912B2DEB2E0019FFE9 /* RxSwift */; };
		DEF395952B2DEB3A0019FFE9 /* SnapKit in Frameworks */ = {isa = PBXBuildFile; productRef = DEF395942B2DEB3A0019FFE9 /* SnapKit */; };
		DEF395982B2DEB4F0019FFE9 /* Moya in Frameworks */ = {isa = PBXBuildFile; productRef = DEF395972B2DEB4F0019FFE9 /* Moya */; };
		DEF3959A2B2DEB4F0019FFE9 /* RxMoya in Frameworks */ = {isa = PBXBuildFile; productRef = DEF395992B2DEB4F0019FFE9 /* RxMoya */; };
/* End PBXBuildFile section */

/* Begin PBXContainerItemProxy section */
		DE6DCD372B0623E8009236FD /* PBXContainerItemProxy */ = {
			isa = PBXContainerItemProxy;
			containerPortal = DE6DCD182B0623E6009236FD /* Project object */;
			proxyType = 1;
			remoteGlobalIDString = DE6DCD1F2B0623E6009236FD;
			remoteInfo = WhipIt;
		};
		DE6DCD412B0623E8009236FD /* PBXContainerItemProxy */ = {
			isa = PBXContainerItemProxy;
			containerPortal = DE6DCD182B0623E6009236FD /* Project object */;
			proxyType = 1;
			remoteGlobalIDString = DE6DCD1F2B0623E6009236FD;
			remoteInfo = WhipIt;
		};
/* End PBXContainerItemProxy section */

/* Begin PBXFileReference section */
		DE0FD4C72B2B06EA00902B07 /* GetMyProfile.swift */ = {isa = PBXFileReference; lastKnownFileType = sourcecode.swift; path = GetMyProfile.swift; sourceTree = "<group>"; };
		DE0FD4C92B2B099C00902B07 /* MyAccountViewModel.swift */ = {isa = PBXFileReference; lastKnownFileType = sourcecode.swift; path = MyAccountViewModel.swift; sourceTree = "<group>"; };
		DE32BCAA2B279E36004AEB8B /* ContentItem.swift */ = {isa = PBXFileReference; lastKnownFileType = sourcecode.swift; path = ContentItem.swift; sourceTree = "<group>"; };
		DE32BCAC2B279EAF004AEB8B /* InfoItem.swift */ = {isa = PBXFileReference; lastKnownFileType = sourcecode.swift; path = InfoItem.swift; sourceTree = "<group>"; };
		DE3832302B091BAF002C6960 /* SUIT-Variable.ttf */ = {isa = PBXFileReference; lastKnownFileType = file; path = "SUIT-Variable.ttf"; sourceTree = "<group>"; };
		DE3832332B091CBD002C6960 /* Font.swift */ = {isa = PBXFileReference; lastKnownFileType = sourcecode.swift; path = Font.swift; sourceTree = "<group>"; };
		DE3832352B0932E5002C6960 /* SignUpViewController.swift */ = {isa = PBXFileReference; lastKnownFileType = sourcecode.swift; path = SignUpViewController.swift; sourceTree = "<group>"; };
		DE3832382B093694002C6960 /* ViewModelType.swift */ = {isa = PBXFileReference; lastKnownFileType = sourcecode.swift; path = ViewModelType.swift; sourceTree = "<group>"; };
		DE38323A2B0936D0002C6960 /* LoginViewModel.swift */ = {isa = PBXFileReference; lastKnownFileType = sourcecode.swift; path = LoginViewModel.swift; sourceTree = "<group>"; };
		DE3A00572B2826F900624BF6 /* CommentView.swift */ = {isa = PBXFileReference; lastKnownFileType = sourcecode.swift; path = CommentView.swift; sourceTree = "<group>"; };
		DE3A005B2B28415500624BF6 /* CommentTextField.swift */ = {isa = PBXFileReference; lastKnownFileType = sourcecode.swift; path = CommentTextField.swift; sourceTree = "<group>"; };
		DE3A00602B286A5600624BF6 /* HashTagButton.swift */ = {isa = PBXFileReference; lastKnownFileType = sourcecode.swift; path = HashTagButton.swift; sourceTree = "<group>"; };
		DE3A00632B28792700624BF6 /* CreateComment.swift */ = {isa = PBXFileReference; lastKnownFileType = sourcecode.swift; path = CreateComment.swift; sourceTree = "<group>"; };
		DE3A00652B287D4400624BF6 /* StyleDetailViewModel.swift */ = {isa = PBXFileReference; lastKnownFileType = sourcecode.swift; path = StyleDetailViewModel.swift; sourceTree = "<group>"; };
		DE6137BA2B207D7B0011E6A5 /* StyleDetailViewController.swift */ = {isa = PBXFileReference; lastKnownFileType = sourcecode.swift; path = StyleDetailViewController.swift; sourceTree = "<group>"; };
		DE6137BC2B2084A30011E6A5 /* ViewBuilder.swift */ = {isa = PBXFileReference; lastKnownFileType = sourcecode.swift; path = ViewBuilder.swift; sourceTree = "<group>"; };
		DE6137C72B21A0940011E6A5 /* StyleDetailView.swift */ = {isa = PBXFileReference; lastKnownFileType = sourcecode.swift; path = StyleDetailView.swift; sourceTree = "<group>"; };
		DE6137CA2B21AFA30011E6A5 /* ContentCell.swift */ = {isa = PBXFileReference; lastKnownFileType = sourcecode.swift; path = ContentCell.swift; sourceTree = "<group>"; };
		DE6137CC2B21AFAF0011E6A5 /* InfoCell.swift */ = {isa = PBXFileReference; lastKnownFileType = sourcecode.swift; path = InfoCell.swift; sourceTree = "<group>"; };
		DE6137CE2B21AFBB0011E6A5 /* CommentCell.swift */ = {isa = PBXFileReference; lastKnownFileType = sourcecode.swift; path = CommentCell.swift; sourceTree = "<group>"; };
		DE6562962B0B2874000FE5B8 /* SignUpViewModel.swift */ = {isa = PBXFileReference; lastKnownFileType = sourcecode.swift; path = SignUpViewModel.swift; sourceTree = "<group>"; };
		DE6562A92B0C927A000FE5B8 /* APIError.swift */ = {isa = PBXFileReference; lastKnownFileType = sourcecode.swift; path = APIError.swift; sourceTree = "<group>"; };
		DE6DCD202B0623E6009236FD /* WhipIt.app */ = {isa = PBXFileReference; explicitFileType = wrapper.application; includeInIndex = 0; path = WhipIt.app; sourceTree = BUILT_PRODUCTS_DIR; };
		DE6DCD232B0623E6009236FD /* AppDelegate.swift */ = {isa = PBXFileReference; lastKnownFileType = sourcecode.swift; path = AppDelegate.swift; sourceTree = "<group>"; };
		DE6DCD252B0623E6009236FD /* SceneDelegate.swift */ = {isa = PBXFileReference; lastKnownFileType = sourcecode.swift; path = SceneDelegate.swift; sourceTree = "<group>"; };
		DE6DCD2C2B0623E8009236FD /* Assets.xcassets */ = {isa = PBXFileReference; lastKnownFileType = folder.assetcatalog; path = Assets.xcassets; sourceTree = "<group>"; };
		DE6DCD2F2B0623E8009236FD /* Base */ = {isa = PBXFileReference; lastKnownFileType = file.storyboard; name = Base; path = Base.lproj/LaunchScreen.storyboard; sourceTree = "<group>"; };
		DE6DCD312B0623E8009236FD /* Info.plist */ = {isa = PBXFileReference; lastKnownFileType = text.plist.xml; path = Info.plist; sourceTree = "<group>"; };
		DE6DCD362B0623E8009236FD /* WhipItTests.xctest */ = {isa = PBXFileReference; explicitFileType = wrapper.cfbundle; includeInIndex = 0; path = WhipItTests.xctest; sourceTree = BUILT_PRODUCTS_DIR; };
		DE6DCD3A2B0623E8009236FD /* WhipItTests.swift */ = {isa = PBXFileReference; lastKnownFileType = sourcecode.swift; path = WhipItTests.swift; sourceTree = "<group>"; };
		DE6DCD402B0623E8009236FD /* WhipItUITests.xctest */ = {isa = PBXFileReference; explicitFileType = wrapper.cfbundle; includeInIndex = 0; path = WhipItUITests.xctest; sourceTree = BUILT_PRODUCTS_DIR; };
		DE6DCD442B0623E8009236FD /* WhipItUITests.swift */ = {isa = PBXFileReference; lastKnownFileType = sourcecode.swift; path = WhipItUITests.swift; sourceTree = "<group>"; };
		DE6DCD462B0623E8009236FD /* WhipItUITestsLaunchTests.swift */ = {isa = PBXFileReference; lastKnownFileType = sourcecode.swift; path = WhipItUITestsLaunchTests.swift; sourceTree = "<group>"; };
		DE6DCD5A2B062B0B009236FD /* BaseViewController.swift */ = {isa = PBXFileReference; lastKnownFileType = sourcecode.swift; path = BaseViewController.swift; sourceTree = "<group>"; };
		DE6DCD6B2B062D51009236FD /* LoginViewController.swift */ = {isa = PBXFileReference; lastKnownFileType = sourcecode.swift; path = LoginViewController.swift; sourceTree = "<group>"; };
		DE6DCD6E2B062E0D009236FD /* UnderlineTextField.swift */ = {isa = PBXFileReference; lastKnownFileType = sourcecode.swift; path = UnderlineTextField.swift; sourceTree = "<group>"; };
		DE6DCD702B062EFE009236FD /* TextFieldBuilder.swift */ = {isa = PBXFileReference; lastKnownFileType = sourcecode.swift; path = TextFieldBuilder.swift; sourceTree = "<group>"; };
		DE6DCD722B062F70009236FD /* LabelBuilder.swift */ = {isa = PBXFileReference; lastKnownFileType = sourcecode.swift; path = LabelBuilder.swift; sourceTree = "<group>"; };
		DE6DCD742B06359B009236FD /* ButtonBuilder.swift */ = {isa = PBXFileReference; lastKnownFileType = sourcecode.swift; path = ButtonBuilder.swift; sourceTree = "<group>"; };
		DE6DCD792B0640C6009236FD /* SignUp.swift */ = {isa = PBXFileReference; lastKnownFileType = sourcecode.swift; path = SignUp.swift; sourceTree = "<group>"; };
		DE6DCD7E2B064228009236FD /* LSLPAPI.swift */ = {isa = PBXFileReference; lastKnownFileType = sourcecode.swift; path = LSLPAPI.swift; sourceTree = "<group>"; };
		DE6DCD842B0645C9009236FD /* .gitignore */ = {isa = PBXFileReference; lastKnownFileType = text; path = .gitignore; sourceTree = "<group>"; };
		DE6DCD862B0645F0009236FD /* APIKey.swift */ = {isa = PBXFileReference; lastKnownFileType = sourcecode.swift; path = APIKey.swift; sourceTree = "<group>"; };
		DE6DCD882B064826009236FD /* EmailValidation.swift */ = {isa = PBXFileReference; lastKnownFileType = sourcecode.swift; path = EmailValidation.swift; sourceTree = "<group>"; };
		DE6DCD8A2B06482B009236FD /* Login.swift */ = {isa = PBXFileReference; lastKnownFileType = sourcecode.swift; path = Login.swift; sourceTree = "<group>"; };
		DE6DCD8C2B064834009236FD /* Withdraw.swift */ = {isa = PBXFileReference; lastKnownFileType = sourcecode.swift; path = Withdraw.swift; sourceTree = "<group>"; };
		DE6DCD8E2B064C54009236FD /* APIManager.swift */ = {isa = PBXFileReference; lastKnownFileType = sourcecode.swift; path = APIManager.swift; sourceTree = "<group>"; };
		DEA03B6B2B0A0669009473D4 /* JoinView.swift */ = {isa = PBXFileReference; lastKnownFileType = sourcecode.swift; path = JoinView.swift; sourceTree = "<group>"; };
		DEA1E3882B340E67007F949B /* FollowerViewController.swift */ = {isa = PBXFileReference; lastKnownFileType = sourcecode.swift; path = FollowerViewController.swift; sourceTree = "<group>"; };
		DEA1E3922B3410CC007F949B /* FollowerTableCell.swift */ = {isa = PBXFileReference; lastKnownFileType = sourcecode.swift; path = FollowerTableCell.swift; sourceTree = "<group>"; };
		DEA1E3942B3410DA007F949B /* FollowerCollectionCell.swift */ = {isa = PBXFileReference; lastKnownFileType = sourcecode.swift; path = FollowerCollectionCell.swift; sourceTree = "<group>"; };
		DEA1E3982B342CA0007F949B /* UnderlineSegmentedControl.swift */ = {isa = PBXFileReference; lastKnownFileType = sourcecode.swift; path = UnderlineSegmentedControl.swift; sourceTree = "<group>"; };
		DEAC3CEC2B0F42D50062E336 /* String+Extension.swift */ = {isa = PBXFileReference; lastKnownFileType = sourcecode.swift; path = "String+Extension.swift"; sourceTree = "<group>"; };
		DEAC3CF52B11D5F80062E336 /* SignUpSuccessViewController.swift */ = {isa = PBXFileReference; lastKnownFileType = sourcecode.swift; path = SignUpSuccessViewController.swift; sourceTree = "<group>"; };
		DEAC3CF72B1213EF0062E336 /* ImageViewBuilder.swift */ = {isa = PBXFileReference; lastKnownFileType = sourcecode.swift; path = ImageViewBuilder.swift; sourceTree = "<group>"; };
		DEAC3CF92B121D140062E336 /* BlackBackgroundRoundedButton.swift */ = {isa = PBXFileReference; lastKnownFileType = sourcecode.swift; path = BlackBackgroundRoundedButton.swift; sourceTree = "<group>"; };
		DEAC3CFE2B1286AA0062E336 /* KeyChainManager.swift */ = {isa = PBXFileReference; lastKnownFileType = sourcecode.swift; path = KeyChainManager.swift; sourceTree = "<group>"; };
		DEAC3D032B1300A10062E336 /* StyleListViewController.swift */ = {isa = PBXFileReference; lastKnownFileType = sourcecode.swift; path = StyleListViewController.swift; sourceTree = "<group>"; };
		DEAC3D052B1305490062E336 /* UserDefaultsKey.swift */ = {isa = PBXFileReference; lastKnownFileType = sourcecode.swift; path = UserDefaultsKey.swift; sourceTree = "<group>"; };
		DEAC3D072B1305E30062E336 /* UserDefaultsManager.swift */ = {isa = PBXFileReference; lastKnownFileType = sourcecode.swift; path = UserDefaultsManager.swift; sourceTree = "<group>"; };
		DEAC3D092B1305F80062E336 /* UserDefaultsWrapper.swift */ = {isa = PBXFileReference; lastKnownFileType = sourcecode.swift; path = UserDefaultsWrapper.swift; sourceTree = "<group>"; };
		DEAC3D0B2B130C6A0062E336 /* BookMarkViewController.swift */ = {isa = PBXFileReference; lastKnownFileType = sourcecode.swift; path = BookMarkViewController.swift; sourceTree = "<group>"; };
		DEAC3D0D2B130C9E0062E336 /* MyAccountViewController.swift */ = {isa = PBXFileReference; lastKnownFileType = sourcecode.swift; path = MyAccountViewController.swift; sourceTree = "<group>"; };
		DEAC3D102B1320630062E336 /* AuthInterceptor.swift */ = {isa = PBXFileReference; lastKnownFileType = sourcecode.swift; path = AuthInterceptor.swift; sourceTree = "<group>"; };
		DEAC3D122B13291E0062E336 /* Refresh.swift */ = {isa = PBXFileReference; lastKnownFileType = sourcecode.swift; path = Refresh.swift; sourceTree = "<group>"; };
		DEAC3D152B133BC50062E336 /* BaseCollectionViewCell.swift */ = {isa = PBXFileReference; lastKnownFileType = sourcecode.swift; path = BaseCollectionViewCell.swift; sourceTree = "<group>"; };
		DEAC3D182B133BF50062E336 /* StyleCollectionViewCell.swift */ = {isa = PBXFileReference; lastKnownFileType = sourcecode.swift; path = StyleCollectionViewCell.swift; sourceTree = "<group>"; };
		DEAC3D1A2B133D8F0062E336 /* RoundImageView.swift */ = {isa = PBXFileReference; lastKnownFileType = sourcecode.swift; path = RoundImageView.swift; sourceTree = "<group>"; };
		DEAC3D1C2B133FBD0062E336 /* StackViewBuilder.swift */ = {isa = PBXFileReference; lastKnownFileType = sourcecode.swift; path = StackViewBuilder.swift; sourceTree = "<group>"; };
		DEAC3D282B135E9A0062E336 /* PinterestLayout.swift */ = {isa = PBXFileReference; lastKnownFileType = sourcecode.swift; path = PinterestLayout.swift; sourceTree = "<group>"; };
		DEAC3D3C2B1481F40062E336 /* CreatePostViewController.swift */ = {isa = PBXFileReference; lastKnownFileType = sourcecode.swift; path = CreatePostViewController.swift; sourceTree = "<group>"; };
		DEAC3D492B15D9030062E336 /* CreatePost.swift */ = {isa = PBXFileReference; lastKnownFileType = sourcecode.swift; path = CreatePost.swift; sourceTree = "<group>"; };
		DEAC3D642B17ACB90062E336 /* CreatePostViewModel.swift */ = {isa = PBXFileReference; lastKnownFileType = sourcecode.swift; path = CreatePostViewModel.swift; sourceTree = "<group>"; };
		DEC1F4312B2DFCD500E085FF /* ProfileSettingViewController.swift */ = {isa = PBXFileReference; lastKnownFileType = sourcecode.swift; path = ProfileSettingViewController.swift; sourceTree = "<group>"; };
		DEC1F4332B2DFE2A00E085FF /* SettingView.swift */ = {isa = PBXFileReference; lastKnownFileType = sourcecode.swift; path = SettingView.swift; sourceTree = "<group>"; };
		DEC1F43D2B30BE4B00E085FF /* EditMyProfile.swift */ = {isa = PBXFileReference; lastKnownFileType = sourcecode.swift; path = EditMyProfile.swift; sourceTree = "<group>"; };
		DEC1F4422B30F04300E085FF /* EditProfileViewController.swift */ = {isa = PBXFileReference; lastKnownFileType = sourcecode.swift; path = EditProfileViewController.swift; sourceTree = "<group>"; };
		DEC1F4442B30F91D00E085FF /* EditProfileViewModel.swift */ = {isa = PBXFileReference; lastKnownFileType = sourcecode.swift; path = EditProfileViewModel.swift; sourceTree = "<group>"; };
		DEC1F4892B3132BC00E085FF /* HashtagTextView.swift */ = {isa = PBXFileReference; lastKnownFileType = sourcecode.swift; path = HashtagTextView.swift; sourceTree = "<group>"; };
		DEC1F48B2B31376600E085FF /* SearchViewController.swift */ = {isa = PBXFileReference; lastKnownFileType = sourcecode.swift; path = SearchViewController.swift; sourceTree = "<group>"; };
		DEC518232B2C63D20007F92C /* BookMarkViewModel.swift */ = {isa = PBXFileReference; lastKnownFileType = sourcecode.swift; path = BookMarkViewModel.swift; sourceTree = "<group>"; };
		DECB97602B29A0800020F4B1 /* DeleteComment.swift */ = {isa = PBXFileReference; lastKnownFileType = sourcecode.swift; path = DeleteComment.swift; sourceTree = "<group>"; };
		DECB97622B29D2AA0020F4B1 /* BookmarkButton.swift */ = {isa = PBXFileReference; lastKnownFileType = sourcecode.swift; path = BookmarkButton.swift; sourceTree = "<group>"; };
		DECB97642B29D5FF0020F4B1 /* LikePost.swift */ = {isa = PBXFileReference; lastKnownFileType = sourcecode.swift; path = LikePost.swift; sourceTree = "<group>"; };
		DECB97672B2AB8350020F4B1 /* BookMarkCell.swift */ = {isa = PBXFileReference; lastKnownFileType = sourcecode.swift; path = BookMarkCell.swift; sourceTree = "<group>"; };
		DECB976B2B2AC21C0020F4B1 /* ProfileCollectionCell.swift */ = {isa = PBXFileReference; lastKnownFileType = sourcecode.swift; path = ProfileCollectionCell.swift; sourceTree = "<group>"; };
		DECB976D2B2AC22D0020F4B1 /* AccountHeaderView.swift */ = {isa = PBXFileReference; lastKnownFileType = sourcecode.swift; path = AccountHeaderView.swift; sourceTree = "<group>"; };
		DED014A02B1F2B8900599DEF /* SplashViewController.swift */ = {isa = PBXFileReference; lastKnownFileType = sourcecode.swift; path = SplashViewController.swift; sourceTree = "<group>"; };
		DED014A22B1F2CEB00599DEF /* SplashViewModel.swift */ = {isa = PBXFileReference; lastKnownFileType = sourcecode.swift; path = SplashViewModel.swift; sourceTree = "<group>"; };
		DED4B80B2B316E9A003DBC0F /* SearchViewModel.swift */ = {isa = PBXFileReference; lastKnownFileType = sourcecode.swift; path = SearchViewModel.swift; sourceTree = "<group>"; };
		DED4B80D2B317B0E003DBC0F /* DeletePost.swift */ = {isa = PBXFileReference; lastKnownFileType = sourcecode.swift; path = DeletePost.swift; sourceTree = "<group>"; };
		DED4B80F2B31815E003DBC0F /* FollowButton.swift */ = {isa = PBXFileReference; lastKnownFileType = sourcecode.swift; path = FollowButton.swift; sourceTree = "<group>"; };
		DED4B8112B31846A003DBC0F /* Follow.swift */ = {isa = PBXFileReference; lastKnownFileType = sourcecode.swift; path = Follow.swift; sourceTree = "<group>"; };
		DEEB8DE42B18AB82003D53FE /* StyleListViewModel.swift */ = {isa = PBXFileReference; lastKnownFileType = sourcecode.swift; path = StyleListViewModel.swift; sourceTree = "<group>"; };
		DEEB8DE62B18AFFF003D53FE /* GetPost.swift */ = {isa = PBXFileReference; lastKnownFileType = sourcecode.swift; path = GetPost.swift; sourceTree = "<group>"; };
		DEEB8DEA2B18E471003D53FE /* UIImageView+Extension.swift */ = {isa = PBXFileReference; lastKnownFileType = sourcecode.swift; path = "UIImageView+Extension.swift"; sourceTree = "<group>"; };
/* End PBXFileReference section */

/* Begin PBXFrameworksBuildPhase section */
		DE6DCD1D2B0623E6009236FD /* Frameworks */ = {
			isa = PBXFrameworksBuildPhase;
			buildActionMask = 2147483647;
			files = (
				DEF3958A2B2DEB130019FFE9 /* Kingfisher in Frameworks */,
				DEF395872B2DEB050019FFE9 /* YPImagePicker in Frameworks */,
				DEF395922B2DEB2E0019FFE9 /* RxSwift in Frameworks */,
				DEF395952B2DEB3A0019FFE9 /* SnapKit in Frameworks */,
				DEF395902B2DEB2E0019FFE9 /* RxCocoa in Frameworks */,
				DEF395982B2DEB4F0019FFE9 /* Moya in Frameworks */,
				DEF3959A2B2DEB4F0019FFE9 /* RxMoya in Frameworks */,
				DEF3958D2B2DEB1B0019FFE9 /* IQKeyboardManagerSwift in Frameworks */,
			);
			runOnlyForDeploymentPostprocessing = 0;
		};
		DE6DCD332B0623E8009236FD /* Frameworks */ = {
			isa = PBXFrameworksBuildPhase;
			buildActionMask = 2147483647;
			files = (
			);
			runOnlyForDeploymentPostprocessing = 0;
		};
		DE6DCD3D2B0623E8009236FD /* Frameworks */ = {
			isa = PBXFrameworksBuildPhase;
			buildActionMask = 2147483647;
			files = (
			);
			runOnlyForDeploymentPostprocessing = 0;
		};
/* End PBXFrameworksBuildPhase section */

/* Begin PBXGroup section */
		DE0FD4C62B2B068400902B07 /* Profile */ = {
			isa = PBXGroup;
			children = (
				DE0FD4C72B2B06EA00902B07 /* GetMyProfile.swift */,
				DEC1F43D2B30BE4B00E085FF /* EditMyProfile.swift */,
				DED4B8112B31846A003DBC0F /* Follow.swift */,
			);
			path = Profile;
			sourceTree = "<group>";
		};
		DE32BCA92B279E0D004AEB8B /* Model */ = {
			isa = PBXGroup;
			children = (
				DE32BCAA2B279E36004AEB8B /* ContentItem.swift */,
				DE32BCAC2B279EAF004AEB8B /* InfoItem.swift */,
			);
			path = Model;
			sourceTree = "<group>";
		};
		DE38322C2B09178E002C6960 /* Extension */ = {
			isa = PBXGroup;
			children = (
				DEAC3CEC2B0F42D50062E336 /* String+Extension.swift */,
				DEEB8DEA2B18E471003D53FE /* UIImageView+Extension.swift */,
			);
			path = Extension;
			sourceTree = "<group>";
		};
		DE38322F2B091B8F002C6960 /* Font */ = {
			isa = PBXGroup;
			children = (
				DE3832302B091BAF002C6960 /* SUIT-Variable.ttf */,
			);
			path = Font;
			sourceTree = "<group>";
		};
		DE3832322B091CAF002C6960 /* Utility */ = {
			isa = PBXGroup;
			children = (
				DE3832332B091CBD002C6960 /* Font.swift */,
			);
			path = Utility;
			sourceTree = "<group>";
		};
		DE3832372B093686002C6960 /* Protocol */ = {
			isa = PBXGroup;
			children = (
				DE3832382B093694002C6960 /* ViewModelType.swift */,
			);
			path = Protocol;
			sourceTree = "<group>";
		};
		DE3A00562B2826E400624BF6 /* View */ = {
			isa = PBXGroup;
			children = (
				DE6137C72B21A0940011E6A5 /* StyleDetailView.swift */,
				DE3A00572B2826F900624BF6 /* CommentView.swift */,
			);
			path = View;
			sourceTree = "<group>";
		};
		DE3A00622B28791600624BF6 /* Comment */ = {
			isa = PBXGroup;
			children = (
				DE3A00632B28792700624BF6 /* CreateComment.swift */,
				DECB97602B29A0800020F4B1 /* DeleteComment.swift */,
			);
			path = Comment;
			sourceTree = "<group>";
		};
		DE6137B92B207D560011E6A5 /* StyleDetail */ = {
			isa = PBXGroup;
			children = (
				DE3A00562B2826E400624BF6 /* View */,
				DE32BCA92B279E0D004AEB8B /* Model */,
				DE6137C92B21AF900011E6A5 /* Cell */,
				DE6137BA2B207D7B0011E6A5 /* StyleDetailViewController.swift */,
				DE3A00652B287D4400624BF6 /* StyleDetailViewModel.swift */,
			);
			path = StyleDetail;
			sourceTree = "<group>";
		};
		DE6137C92B21AF900011E6A5 /* Cell */ = {
			isa = PBXGroup;
			children = (
				DE6137CA2B21AFA30011E6A5 /* ContentCell.swift */,
				DE6137CC2B21AFAF0011E6A5 /* InfoCell.swift */,
				DE6137CE2B21AFBB0011E6A5 /* CommentCell.swift */,
			);
			path = Cell;
			sourceTree = "<group>";
		};
		DE6562A82B0C926C000FE5B8 /* Error */ = {
			isa = PBXGroup;
			children = (
				DE6562A92B0C927A000FE5B8 /* APIError.swift */,
			);
			path = Error;
			sourceTree = "<group>";
		};
		DE6DCD172B0623E6009236FD = {
			isa = PBXGroup;
			children = (
				DE6DCD222B0623E6009236FD /* WhipIt */,
				DE6DCD392B0623E8009236FD /* WhipItTests */,
				DE6DCD432B0623E8009236FD /* WhipItUITests */,
				DE6DCD212B0623E6009236FD /* Products */,
			);
			sourceTree = "<group>";
		};
		DE6DCD212B0623E6009236FD /* Products */ = {
			isa = PBXGroup;
			children = (
				DE6DCD202B0623E6009236FD /* WhipIt.app */,
				DE6DCD362B0623E8009236FD /* WhipItTests.xctest */,
				DE6DCD402B0623E8009236FD /* WhipItUITests.xctest */,
			);
			name = Products;
			sourceTree = "<group>";
		};
		DE6DCD222B0623E6009236FD /* WhipIt */ = {
			isa = PBXGroup;
			children = (
				DE6DCD532B062996009236FD /* Application */,
				DE6DCD552B0629B3009236FD /* Resource */,
				DE6DCD542B0629AA009236FD /* Source */,
				DE6DCD312B0623E8009236FD /* Info.plist */,
				DE6DCD842B0645C9009236FD /* .gitignore */,
			);
			path = WhipIt;
			sourceTree = "<group>";
		};
		DE6DCD392B0623E8009236FD /* WhipItTests */ = {
			isa = PBXGroup;
			children = (
				DE6DCD3A2B0623E8009236FD /* WhipItTests.swift */,
			);
			path = WhipItTests;
			sourceTree = "<group>";
		};
		DE6DCD432B0623E8009236FD /* WhipItUITests */ = {
			isa = PBXGroup;
			children = (
				DE6DCD442B0623E8009236FD /* WhipItUITests.swift */,
				DE6DCD462B0623E8009236FD /* WhipItUITestsLaunchTests.swift */,
			);
			path = WhipItUITests;
			sourceTree = "<group>";
		};
		DE6DCD532B062996009236FD /* Application */ = {
			isa = PBXGroup;
			children = (
				DE6DCD232B0623E6009236FD /* AppDelegate.swift */,
				DE6DCD252B0623E6009236FD /* SceneDelegate.swift */,
			);
			path = Application;
			sourceTree = "<group>";
		};
		DE6DCD542B0629AA009236FD /* Source */ = {
			isa = PBXGroup;
			children = (
				DE3832322B091CAF002C6960 /* Utility */,
				DE38322C2B09178E002C6960 /* Extension */,
				DE3832372B093686002C6960 /* Protocol */,
				DE6DCD562B062A31009236FD /* Network */,
				DEAC3CFB2B12862A0062E336 /* Data */,
				DE6DCD572B062A3C009236FD /* Base */,
				DE6DCD592B062AE4009236FD /* Builder */,
				DE6DCD6D2B062DD4009236FD /* View */,
				DE6DCD582B062A43009236FD /* Presentation */,
			);
			path = Source;
			sourceTree = "<group>";
		};
		DE6DCD552B0629B3009236FD /* Resource */ = {
			isa = PBXGroup;
			children = (
				DE38322F2B091B8F002C6960 /* Font */,
				DE6DCD2E2B0623E8009236FD /* LaunchScreen.storyboard */,
				DE6DCD2C2B0623E8009236FD /* Assets.xcassets */,
			);
			path = Resource;
			sourceTree = "<group>";
		};
		DE6DCD562B062A31009236FD /* Network */ = {
			isa = PBXGroup;
			children = (
				DEAC3D0F2B1320440062E336 /* Interceptor */,
				DE6562A82B0C926C000FE5B8 /* Error */,
				DE6DCD762B06397A009236FD /* Model */,
				DE6DCD7B2B0641F1009236FD /* API */,
				DEAC3CF42B11D5890062E336 /* Manager */,
			);
			path = Network;
			sourceTree = "<group>";
		};
		DE6DCD572B062A3C009236FD /* Base */ = {
			isa = PBXGroup;
			children = (
				DE6DCD5A2B062B0B009236FD /* BaseViewController.swift */,
				DEAC3D152B133BC50062E336 /* BaseCollectionViewCell.swift */,
			);
			path = Base;
			sourceTree = "<group>";
		};
		DE6DCD582B062A43009236FD /* Presentation */ = {
			isa = PBXGroup;
			children = (
				DED0149F2B1F2B7A00599DEF /* Splash */,
				DE6DCD692B062D14009236FD /* Login */,
				DE6DCD6A2B062D1B009236FD /* SignUp */,
				DEAC3D142B1334890062E336 /* CreatePost */,
				DEAC3D002B12F0350062E336 /* StyleList */,
				DEC1F48D2B31376E00E085FF /* Search */,
				DE6137B92B207D560011E6A5 /* StyleDetail */,
				DEAC3D012B1300260062E336 /* BookMark */,
				DEAC3D022B1300490062E336 /* MyAccount */,
				DEC1F4302B2DFCA300E085FF /* ProfileSetting */,
				DEC1F4412B30F02200E085FF /* EditProfile */,
				DEA1E3872B340E45007F949B /* Follower */,
			);
			path = Presentation;
			sourceTree = "<group>";
		};
		DE6DCD592B062AE4009236FD /* Builder */ = {
			isa = PBXGroup;
			children = (
				DE6DCD722B062F70009236FD /* LabelBuilder.swift */,
				DE6DCD702B062EFE009236FD /* TextFieldBuilder.swift */,
				DE6DCD742B06359B009236FD /* ButtonBuilder.swift */,
				DEAC3CF72B1213EF0062E336 /* ImageViewBuilder.swift */,
				DEAC3D1C2B133FBD0062E336 /* StackViewBuilder.swift */,
				DE6137BC2B2084A30011E6A5 /* ViewBuilder.swift */,
			);
			path = Builder;
			sourceTree = "<group>";
		};
		DE6DCD692B062D14009236FD /* Login */ = {
			isa = PBXGroup;
			children = (
				DE6DCD6B2B062D51009236FD /* LoginViewController.swift */,
				DE38323A2B0936D0002C6960 /* LoginViewModel.swift */,
			);
			path = Login;
			sourceTree = "<group>";
		};
		DE6DCD6A2B062D1B009236FD /* SignUp */ = {
			isa = PBXGroup;
			children = (
				DE3832352B0932E5002C6960 /* SignUpViewController.swift */,
				DE6562962B0B2874000FE5B8 /* SignUpViewModel.swift */,
				DEAC3CF52B11D5F80062E336 /* SignUpSuccessViewController.swift */,
			);
			path = SignUp;
			sourceTree = "<group>";
		};
		DE6DCD6D2B062DD4009236FD /* View */ = {
			isa = PBXGroup;
			children = (
				DE6DCD6E2B062E0D009236FD /* UnderlineTextField.swift */,
				DEA03B6B2B0A0669009473D4 /* JoinView.swift */,
				DEAC3CF92B121D140062E336 /* BlackBackgroundRoundedButton.swift */,
				DEAC3D1A2B133D8F0062E336 /* RoundImageView.swift */,
				DE3A005B2B28415500624BF6 /* CommentTextField.swift */,
				DE3A00602B286A5600624BF6 /* HashTagButton.swift */,
				DECB97622B29D2AA0020F4B1 /* BookmarkButton.swift */,
				DEC1F4892B3132BC00E085FF /* HashtagTextView.swift */,
				DED4B80F2B31815E003DBC0F /* FollowButton.swift */,
				DEA1E3982B342CA0007F949B /* UnderlineSegmentedControl.swift */,
			);
			path = View;
			sourceTree = "<group>";
		};
		DE6DCD762B06397A009236FD /* Model */ = {
			isa = PBXGroup;
			children = (
				DE0FD4C62B2B068400902B07 /* Profile */,
				DE3A00622B28791600624BF6 /* Comment */,
				DEAC3D482B15D8F50062E336 /* Post */,
				DEAC3D472B15D8EA0062E336 /* Token */,
				DEAC3D462B15D8C90062E336 /* Sign */,
			);
			path = Model;
			sourceTree = "<group>";
		};
		DE6DCD7B2B0641F1009236FD /* API */ = {
			isa = PBXGroup;
			children = (
				DE6DCD7E2B064228009236FD /* LSLPAPI.swift */,
				DE6DCD862B0645F0009236FD /* APIKey.swift */,
			);
			path = API;
			sourceTree = "<group>";
		};
		DEA1E3872B340E45007F949B /* Follower */ = {
			isa = PBXGroup;
			children = (
				DEA1E38A2B340F22007F949B /* Cell */,
				DEA1E3882B340E67007F949B /* FollowerViewController.swift */,
			);
			path = Follower;
			sourceTree = "<group>";
		};
		DEA1E38A2B340F22007F949B /* Cell */ = {
			isa = PBXGroup;
			children = (
				DEA1E3922B3410CC007F949B /* FollowerTableCell.swift */,
				DEA1E3942B3410DA007F949B /* FollowerCollectionCell.swift */,
			);
			path = Cell;
			sourceTree = "<group>";
		};
		DEAC3CF42B11D5890062E336 /* Manager */ = {
			isa = PBXGroup;
			children = (
				DE6DCD8E2B064C54009236FD /* APIManager.swift */,
			);
			path = Manager;
			sourceTree = "<group>";
		};
		DEAC3CFB2B12862A0062E336 /* Data */ = {
			isa = PBXGroup;
			children = (
				DEAC3CFD2B12864F0062E336 /* UserDefaults */,
				DEAC3CFC2B1286480062E336 /* KeyChain */,
			);
			path = Data;
			sourceTree = "<group>";
		};
		DEAC3CFC2B1286480062E336 /* KeyChain */ = {
			isa = PBXGroup;
			children = (
				DEAC3CFE2B1286AA0062E336 /* KeyChainManager.swift */,
			);
			path = KeyChain;
			sourceTree = "<group>";
		};
		DEAC3CFD2B12864F0062E336 /* UserDefaults */ = {
			isa = PBXGroup;
			children = (
				DEAC3D052B1305490062E336 /* UserDefaultsKey.swift */,
				DEAC3D072B1305E30062E336 /* UserDefaultsManager.swift */,
				DEAC3D092B1305F80062E336 /* UserDefaultsWrapper.swift */,
			);
			path = UserDefaults;
			sourceTree = "<group>";
		};
		DEAC3D002B12F0350062E336 /* StyleList */ = {
			isa = PBXGroup;
			children = (
				DEAC3D172B133BE30062E336 /* Cell */,
				DEAC3D032B1300A10062E336 /* StyleListViewController.swift */,
				DEEB8DE42B18AB82003D53FE /* StyleListViewModel.swift */,
				DEAC3D282B135E9A0062E336 /* PinterestLayout.swift */,
			);
			path = StyleList;
			sourceTree = "<group>";
		};
		DEAC3D012B1300260062E336 /* BookMark */ = {
			isa = PBXGroup;
			children = (
				DECB97662B2AB8210020F4B1 /* Cell */,
				DEAC3D0B2B130C6A0062E336 /* BookMarkViewController.swift */,
				DEC518232B2C63D20007F92C /* BookMarkViewModel.swift */,
			);
			path = BookMark;
			sourceTree = "<group>";
		};
		DEAC3D022B1300490062E336 /* MyAccount */ = {
			isa = PBXGroup;
			children = (
				DECB976A2B2AC2030020F4B1 /* View */,
				DEAC3D0D2B130C9E0062E336 /* MyAccountViewController.swift */,
				DE0FD4C92B2B099C00902B07 /* MyAccountViewModel.swift */,
			);
			path = MyAccount;
			sourceTree = "<group>";
		};
		DEAC3D0F2B1320440062E336 /* Interceptor */ = {
			isa = PBXGroup;
			children = (
				DEAC3D102B1320630062E336 /* AuthInterceptor.swift */,
			);
			path = Interceptor;
			sourceTree = "<group>";
		};
		DEAC3D142B1334890062E336 /* CreatePost */ = {
			isa = PBXGroup;
			children = (
				DEAC3D3C2B1481F40062E336 /* CreatePostViewController.swift */,
				DEAC3D642B17ACB90062E336 /* CreatePostViewModel.swift */,
			);
			path = CreatePost;
			sourceTree = "<group>";
		};
		DEAC3D172B133BE30062E336 /* Cell */ = {
			isa = PBXGroup;
			children = (
				DEAC3D182B133BF50062E336 /* StyleCollectionViewCell.swift */,
			);
			path = Cell;
			sourceTree = "<group>";
		};
		DEAC3D462B15D8C90062E336 /* Sign */ = {
			isa = PBXGroup;
			children = (
				DE6DCD792B0640C6009236FD /* SignUp.swift */,
				DE6DCD882B064826009236FD /* EmailValidation.swift */,
				DE6DCD8A2B06482B009236FD /* Login.swift */,
				DE6DCD8C2B064834009236FD /* Withdraw.swift */,
			);
			path = Sign;
			sourceTree = "<group>";
		};
		DEAC3D472B15D8EA0062E336 /* Token */ = {
			isa = PBXGroup;
			children = (
				DEAC3D122B13291E0062E336 /* Refresh.swift */,
			);
			path = Token;
			sourceTree = "<group>";
		};
		DEAC3D482B15D8F50062E336 /* Post */ = {
			isa = PBXGroup;
			children = (
				DEAC3D492B15D9030062E336 /* CreatePost.swift */,
				DEEB8DE62B18AFFF003D53FE /* GetPost.swift */,
				DECB97642B29D5FF0020F4B1 /* LikePost.swift */,
				DED4B80D2B317B0E003DBC0F /* DeletePost.swift */,
			);
			path = Post;
			sourceTree = "<group>";
		};
		DEC1F4302B2DFCA300E085FF /* ProfileSetting */ = {
			isa = PBXGroup;
			children = (
				DEC1F4312B2DFCD500E085FF /* ProfileSettingViewController.swift */,
				DEC1F4332B2DFE2A00E085FF /* SettingView.swift */,
			);
			path = ProfileSetting;
			sourceTree = "<group>";
		};
		DEC1F4412B30F02200E085FF /* EditProfile */ = {
			isa = PBXGroup;
			children = (
				DEC1F4422B30F04300E085FF /* EditProfileViewController.swift */,
				DEC1F4442B30F91D00E085FF /* EditProfileViewModel.swift */,
			);
			path = EditProfile;
			sourceTree = "<group>";
		};
		DEC1F48D2B31376E00E085FF /* Search */ = {
			isa = PBXGroup;
			children = (
				DEC1F48B2B31376600E085FF /* SearchViewController.swift */,
				DED4B80B2B316E9A003DBC0F /* SearchViewModel.swift */,
			);
			path = Search;
			sourceTree = "<group>";
		};
		DECB97662B2AB8210020F4B1 /* Cell */ = {
			isa = PBXGroup;
			children = (
				DECB97672B2AB8350020F4B1 /* BookMarkCell.swift */,
			);
			path = Cell;
			sourceTree = "<group>";
		};
		DECB976A2B2AC2030020F4B1 /* View */ = {
			isa = PBXGroup;
			children = (
				DECB976B2B2AC21C0020F4B1 /* ProfileCollectionCell.swift */,
				DECB976D2B2AC22D0020F4B1 /* AccountHeaderView.swift */,
			);
			path = View;
			sourceTree = "<group>";
		};
		DED0149F2B1F2B7A00599DEF /* Splash */ = {
			isa = PBXGroup;
			children = (
				DED014A02B1F2B8900599DEF /* SplashViewController.swift */,
				DED014A22B1F2CEB00599DEF /* SplashViewModel.swift */,
			);
			path = Splash;
			sourceTree = "<group>";
		};
/* End PBXGroup section */

/* Begin PBXNativeTarget section */
		DE6DCD1F2B0623E6009236FD /* WhipIt */ = {
			isa = PBXNativeTarget;
			buildConfigurationList = DE6DCD4A2B0623E8009236FD /* Build configuration list for PBXNativeTarget "WhipIt" */;
			buildPhases = (
				DE6DCD1C2B0623E6009236FD /* Sources */,
				DE6DCD1D2B0623E6009236FD /* Frameworks */,
				DE6DCD1E2B0623E6009236FD /* Resources */,
			);
			buildRules = (
			);
			dependencies = (
			);
			name = WhipIt;
			packageProductDependencies = (
				DEF395862B2DEB050019FFE9 /* YPImagePicker */,
				DEF395892B2DEB130019FFE9 /* Kingfisher */,
				DEF3958C2B2DEB1B0019FFE9 /* IQKeyboardManagerSwift */,
				DEF3958F2B2DEB2E0019FFE9 /* RxCocoa */,
				DEF395912B2DEB2E0019FFE9 /* RxSwift */,
				DEF395942B2DEB3A0019FFE9 /* SnapKit */,
				DEF395972B2DEB4F0019FFE9 /* Moya */,
				DEF395992B2DEB4F0019FFE9 /* RxMoya */,
			);
			productName = WhipIt;
			productReference = DE6DCD202B0623E6009236FD /* WhipIt.app */;
			productType = "com.apple.product-type.application";
		};
		DE6DCD352B0623E8009236FD /* WhipItTests */ = {
			isa = PBXNativeTarget;
			buildConfigurationList = DE6DCD4D2B0623E8009236FD /* Build configuration list for PBXNativeTarget "WhipItTests" */;
			buildPhases = (
				DE6DCD322B0623E8009236FD /* Sources */,
				DE6DCD332B0623E8009236FD /* Frameworks */,
				DE6DCD342B0623E8009236FD /* Resources */,
			);
			buildRules = (
			);
			dependencies = (
				DE6DCD382B0623E8009236FD /* PBXTargetDependency */,
			);
			name = WhipItTests;
			productName = WhipItTests;
			productReference = DE6DCD362B0623E8009236FD /* WhipItTests.xctest */;
			productType = "com.apple.product-type.bundle.unit-test";
		};
		DE6DCD3F2B0623E8009236FD /* WhipItUITests */ = {
			isa = PBXNativeTarget;
			buildConfigurationList = DE6DCD502B0623E8009236FD /* Build configuration list for PBXNativeTarget "WhipItUITests" */;
			buildPhases = (
				DE6DCD3C2B0623E8009236FD /* Sources */,
				DE6DCD3D2B0623E8009236FD /* Frameworks */,
				DE6DCD3E2B0623E8009236FD /* Resources */,
			);
			buildRules = (
			);
			dependencies = (
				DE6DCD422B0623E8009236FD /* PBXTargetDependency */,
			);
			name = WhipItUITests;
			productName = WhipItUITests;
			productReference = DE6DCD402B0623E8009236FD /* WhipItUITests.xctest */;
			productType = "com.apple.product-type.bundle.ui-testing";
		};
/* End PBXNativeTarget section */

/* Begin PBXProject section */
		DE6DCD182B0623E6009236FD /* Project object */ = {
			isa = PBXProject;
			attributes = {
				BuildIndependentTargetsInParallel = 1;
				LastSwiftUpdateCheck = 1500;
				LastUpgradeCheck = 1500;
				TargetAttributes = {
					DE6DCD1F2B0623E6009236FD = {
						CreatedOnToolsVersion = 15.0.1;
					};
					DE6DCD352B0623E8009236FD = {
						CreatedOnToolsVersion = 15.0.1;
						TestTargetID = DE6DCD1F2B0623E6009236FD;
					};
					DE6DCD3F2B0623E8009236FD = {
						CreatedOnToolsVersion = 15.0.1;
						TestTargetID = DE6DCD1F2B0623E6009236FD;
					};
				};
			};
			buildConfigurationList = DE6DCD1B2B0623E6009236FD /* Build configuration list for PBXProject "WhipIt" */;
			compatibilityVersion = "Xcode 14.0";
			developmentRegion = en;
			hasScannedForEncodings = 0;
			knownRegions = (
				en,
				Base,
			);
			mainGroup = DE6DCD172B0623E6009236FD;
			packageReferences = (
				DEF395852B2DEB050019FFE9 /* XCRemoteSwiftPackageReference "YPImagePicker" */,
				DEF395882B2DEB130019FFE9 /* XCRemoteSwiftPackageReference "Kingfisher" */,
				DEF3958B2B2DEB1B0019FFE9 /* XCRemoteSwiftPackageReference "IQKeyboardManager" */,
				DEF3958E2B2DEB2E0019FFE9 /* XCRemoteSwiftPackageReference "RxSwift" */,
				DEF395932B2DEB3A0019FFE9 /* XCRemoteSwiftPackageReference "SnapKit" */,
				DEF395962B2DEB4F0019FFE9 /* XCRemoteSwiftPackageReference "Moya" */,
			);
			productRefGroup = DE6DCD212B0623E6009236FD /* Products */;
			projectDirPath = "";
			projectRoot = "";
			targets = (
				DE6DCD1F2B0623E6009236FD /* WhipIt */,
				DE6DCD352B0623E8009236FD /* WhipItTests */,
				DE6DCD3F2B0623E8009236FD /* WhipItUITests */,
			);
		};
/* End PBXProject section */

/* Begin PBXResourcesBuildPhase section */
		DE6DCD1E2B0623E6009236FD /* Resources */ = {
			isa = PBXResourcesBuildPhase;
			buildActionMask = 2147483647;
			files = (
				DE6DCD302B0623E8009236FD /* LaunchScreen.storyboard in Resources */,
				DE3832312B091BAF002C6960 /* SUIT-Variable.ttf in Resources */,
				DE6DCD852B0645C9009236FD /* .gitignore in Resources */,
				DE6DCD2D2B0623E8009236FD /* Assets.xcassets in Resources */,
			);
			runOnlyForDeploymentPostprocessing = 0;
		};
		DE6DCD342B0623E8009236FD /* Resources */ = {
			isa = PBXResourcesBuildPhase;
			buildActionMask = 2147483647;
			files = (
			);
			runOnlyForDeploymentPostprocessing = 0;
		};
		DE6DCD3E2B0623E8009236FD /* Resources */ = {
			isa = PBXResourcesBuildPhase;
			buildActionMask = 2147483647;
			files = (
			);
			runOnlyForDeploymentPostprocessing = 0;
		};
/* End PBXResourcesBuildPhase section */

/* Begin PBXSourcesBuildPhase section */
		DE6DCD1C2B0623E6009236FD /* Sources */ = {
			isa = PBXSourcesBuildPhase;
			buildActionMask = 2147483647;
			files = (
				DE6DCD8F2B064C54009236FD /* APIManager.swift in Sources */,
				DEC1F48C2B31376600E085FF /* SearchViewController.swift in Sources */,
				DECB976E2B2AC22D0020F4B1 /* AccountHeaderView.swift in Sources */,
				DE6DCD7F2B064228009236FD /* LSLPAPI.swift in Sources */,
				DE6DCD712B062EFE009236FD /* TextFieldBuilder.swift in Sources */,
				DE6DCD5B2B062B0B009236FD /* BaseViewController.swift in Sources */,
				DEAC3CFF2B1286AA0062E336 /* KeyChainManager.swift in Sources */,
				DEC518242B2C63D20007F92C /* BookMarkViewModel.swift in Sources */,
				DEAC3D0E2B130C9E0062E336 /* MyAccountViewController.swift in Sources */,
				DE6137BB2B207D7B0011E6A5 /* StyleDetailViewController.swift in Sources */,
				DE6DCD6F2B062E0D009236FD /* UnderlineTextField.swift in Sources */,
				DEAC3D1B2B133D8F0062E336 /* RoundImageView.swift in Sources */,
				DE3A00612B286A5600624BF6 /* HashTagButton.swift in Sources */,
				DE3A005C2B28415500624BF6 /* CommentTextField.swift in Sources */,
				DEAC3D1D2B133FBD0062E336 /* StackViewBuilder.swift in Sources */,
				DECB976C2B2AC21C0020F4B1 /* ProfileCollectionCell.swift in Sources */,
				DE3832362B0932E5002C6960 /* SignUpViewController.swift in Sources */,
				DEAC3CF82B1213EF0062E336 /* ImageViewBuilder.swift in Sources */,
				DED4B80C2B316E9A003DBC0F /* SearchViewModel.swift in Sources */,
				DEAC3D292B135E9A0062E336 /* PinterestLayout.swift in Sources */,
				DE6DCD752B06359B009236FD /* ButtonBuilder.swift in Sources */,
				DE6DCD732B062F70009236FD /* LabelBuilder.swift in Sources */,
				DE6137CB2B21AFA30011E6A5 /* ContentCell.swift in Sources */,
				DEEB8DE72B18AFFF003D53FE /* GetPost.swift in Sources */,
				DEEB8DE52B18AB82003D53FE /* StyleListViewModel.swift in Sources */,
				DEA03B6C2B0A0669009473D4 /* JoinView.swift in Sources */,
				DE3A00642B28792700624BF6 /* CreateComment.swift in Sources */,
				DE6137BD2B2084A30011E6A5 /* ViewBuilder.swift in Sources */,
				DED4B80E2B317B0E003DBC0F /* DeletePost.swift in Sources */,
				DECB97682B2AB8350020F4B1 /* BookMarkCell.swift in Sources */,
				DE3832392B093694002C6960 /* ViewModelType.swift in Sources */,
				DEC1F4432B30F04300E085FF /* EditProfileViewController.swift in Sources */,
				DEC1F4342B2DFE2A00E085FF /* SettingView.swift in Sources */,
				DEAC3D0C2B130C6A0062E336 /* BookMarkViewController.swift in Sources */,
				DE6137CF2B21AFBB0011E6A5 /* CommentCell.swift in Sources */,
				DEC1F48A2B3132BC00E085FF /* HashtagTextView.swift in Sources */,
				DE6DCD8B2B06482B009236FD /* Login.swift in Sources */,
				DEAC3D4A2B15D9030062E336 /* CreatePost.swift in Sources */,
				DECB97612B29A0800020F4B1 /* DeleteComment.swift in Sources */,
				DEAC3D192B133BF50062E336 /* StyleCollectionViewCell.swift in Sources */,
				DE6DCD242B0623E6009236FD /* AppDelegate.swift in Sources */,
				DE6137C82B21A0940011E6A5 /* StyleDetailView.swift in Sources */,
				DEAC3CED2B0F42D50062E336 /* String+Extension.swift in Sources */,
				DEA1E3992B342CA0007F949B /* UnderlineSegmentedControl.swift in Sources */,
				DEAC3D112B1320630062E336 /* AuthInterceptor.swift in Sources */,
				DE6DCD6C2B062D51009236FD /* LoginViewController.swift in Sources */,
				DE6562972B0B2874000FE5B8 /* SignUpViewModel.swift in Sources */,
				DE3A00662B287D4400624BF6 /* StyleDetailViewModel.swift in Sources */,
				DEAC3D062B1305490062E336 /* UserDefaultsKey.swift in Sources */,
				DEA1E3932B3410CC007F949B /* FollowerTableCell.swift in Sources */,
				DEC1F43E2B30BE4B00E085FF /* EditMyProfile.swift in Sources */,
				DECB97652B29D5FF0020F4B1 /* LikePost.swift in Sources */,
				DE0FD4C82B2B06EA00902B07 /* GetMyProfile.swift in Sources */,
				DE6DCD892B064826009236FD /* EmailValidation.swift in Sources */,
				DEC1F4322B2DFCD500E085FF /* ProfileSettingViewController.swift in Sources */,
				DE6DCD8D2B064834009236FD /* Withdraw.swift in Sources */,
				DE3832342B091CBD002C6960 /* Font.swift in Sources */,
				DE3A00582B2826F900624BF6 /* CommentView.swift in Sources */,
				DEAC3D0A2B1305F80062E336 /* UserDefaultsWrapper.swift in Sources */,
				DEAC3D042B1300A10062E336 /* StyleListViewController.swift in Sources */,
				DE32BCAB2B279E36004AEB8B /* ContentItem.swift in Sources */,
				DE6DCD262B0623E6009236FD /* SceneDelegate.swift in Sources */,
				DEAC3D132B13291E0062E336 /* Refresh.swift in Sources */,
				DEC1F4452B30F91D00E085FF /* EditProfileViewModel.swift in Sources */,
				DEA1E3952B3410DA007F949B /* FollowerCollectionCell.swift in Sources */,
				DEA1E3892B340E67007F949B /* FollowerViewController.swift in Sources */,
				DE6DCD872B0645F0009236FD /* APIKey.swift in Sources */,
				DEAC3D162B133BC50062E336 /* BaseCollectionViewCell.swift in Sources */,
				DEAC3CFA2B121D140062E336 /* BlackBackgroundRoundedButton.swift in Sources */,
				DE38323B2B0936D0002C6960 /* LoginViewModel.swift in Sources */,
				DE6137CD2B21AFAF0011E6A5 /* InfoCell.swift in Sources */,
				DED014A32B1F2CEB00599DEF /* SplashViewModel.swift in Sources */,
				DEAC3D082B1305E30062E336 /* UserDefaultsManager.swift in Sources */,
				DEEB8DEB2B18E471003D53FE /* UIImageView+Extension.swift in Sources */,
				DECB97632B29D2AA0020F4B1 /* BookmarkButton.swift in Sources */,
				DED014A12B1F2B8900599DEF /* SplashViewController.swift in Sources */,
				DED4B8122B31846A003DBC0F /* Follow.swift in Sources */,
				DE6DCD7A2B0640C6009236FD /* SignUp.swift in Sources */,
				DE0FD4CA2B2B099C00902B07 /* MyAccountViewModel.swift in Sources */,
				DEAC3D652B17ACBA0062E336 /* CreatePostViewModel.swift in Sources */,
				DE32BCAD2B279EAF004AEB8B /* InfoItem.swift in Sources */,
				DED4B8102B31815E003DBC0F /* FollowButton.swift in Sources */,
				DEAC3D3D2B1481F40062E336 /* CreatePostViewController.swift in Sources */,
				DEAC3CF62B11D5F80062E336 /* SignUpSuccessViewController.swift in Sources */,
				DE6562AA2B0C927A000FE5B8 /* APIError.swift in Sources */,
			);
			runOnlyForDeploymentPostprocessing = 0;
		};
		DE6DCD322B0623E8009236FD /* Sources */ = {
			isa = PBXSourcesBuildPhase;
			buildActionMask = 2147483647;
			files = (
				DE6DCD3B2B0623E8009236FD /* WhipItTests.swift in Sources */,
			);
			runOnlyForDeploymentPostprocessing = 0;
		};
		DE6DCD3C2B0623E8009236FD /* Sources */ = {
			isa = PBXSourcesBuildPhase;
			buildActionMask = 2147483647;
			files = (
				DE6DCD452B0623E8009236FD /* WhipItUITests.swift in Sources */,
				DE6DCD472B0623E8009236FD /* WhipItUITestsLaunchTests.swift in Sources */,
			);
			runOnlyForDeploymentPostprocessing = 0;
		};
/* End PBXSourcesBuildPhase section */

/* Begin PBXTargetDependency section */
		DE6DCD382B0623E8009236FD /* PBXTargetDependency */ = {
			isa = PBXTargetDependency;
			target = DE6DCD1F2B0623E6009236FD /* WhipIt */;
			targetProxy = DE6DCD372B0623E8009236FD /* PBXContainerItemProxy */;
		};
		DE6DCD422B0623E8009236FD /* PBXTargetDependency */ = {
			isa = PBXTargetDependency;
			target = DE6DCD1F2B0623E6009236FD /* WhipIt */;
			targetProxy = DE6DCD412B0623E8009236FD /* PBXContainerItemProxy */;
		};
/* End PBXTargetDependency section */

/* Begin PBXVariantGroup section */
		DE6DCD2E2B0623E8009236FD /* LaunchScreen.storyboard */ = {
			isa = PBXVariantGroup;
			children = (
				DE6DCD2F2B0623E8009236FD /* Base */,
			);
			name = LaunchScreen.storyboard;
			sourceTree = "<group>";
		};
/* End PBXVariantGroup section */

/* Begin XCBuildConfiguration section */
		DE6DCD482B0623E8009236FD /* Debug */ = {
			isa = XCBuildConfiguration;
			buildSettings = {
				ALWAYS_SEARCH_USER_PATHS = NO;
				ASSETCATALOG_COMPILER_GENERATE_SWIFT_ASSET_SYMBOL_EXTENSIONS = YES;
				CLANG_ANALYZER_NONNULL = YES;
				CLANG_ANALYZER_NUMBER_OBJECT_CONVERSION = YES_AGGRESSIVE;
				CLANG_CXX_LANGUAGE_STANDARD = "gnu++20";
				CLANG_ENABLE_MODULES = YES;
				CLANG_ENABLE_OBJC_ARC = YES;
				CLANG_ENABLE_OBJC_WEAK = YES;
				CLANG_WARN_BLOCK_CAPTURE_AUTORELEASING = YES;
				CLANG_WARN_BOOL_CONVERSION = YES;
				CLANG_WARN_COMMA = YES;
				CLANG_WARN_CONSTANT_CONVERSION = YES;
				CLANG_WARN_DEPRECATED_OBJC_IMPLEMENTATIONS = YES;
				CLANG_WARN_DIRECT_OBJC_ISA_USAGE = YES_ERROR;
				CLANG_WARN_DOCUMENTATION_COMMENTS = YES;
				CLANG_WARN_EMPTY_BODY = YES;
				CLANG_WARN_ENUM_CONVERSION = YES;
				CLANG_WARN_INFINITE_RECURSION = YES;
				CLANG_WARN_INT_CONVERSION = YES;
				CLANG_WARN_NON_LITERAL_NULL_CONVERSION = YES;
				CLANG_WARN_OBJC_IMPLICIT_RETAIN_SELF = YES;
				CLANG_WARN_OBJC_LITERAL_CONVERSION = YES;
				CLANG_WARN_OBJC_ROOT_CLASS = YES_ERROR;
				CLANG_WARN_QUOTED_INCLUDE_IN_FRAMEWORK_HEADER = YES;
				CLANG_WARN_RANGE_LOOP_ANALYSIS = YES;
				CLANG_WARN_STRICT_PROTOTYPES = YES;
				CLANG_WARN_SUSPICIOUS_MOVE = YES;
				CLANG_WARN_UNGUARDED_AVAILABILITY = YES_AGGRESSIVE;
				CLANG_WARN_UNREACHABLE_CODE = YES;
				CLANG_WARN__DUPLICATE_METHOD_MATCH = YES;
				COPY_PHASE_STRIP = NO;
				DEBUG_INFORMATION_FORMAT = dwarf;
				ENABLE_STRICT_OBJC_MSGSEND = YES;
				ENABLE_TESTABILITY = YES;
				ENABLE_USER_SCRIPT_SANDBOXING = YES;
				GCC_C_LANGUAGE_STANDARD = gnu17;
				GCC_DYNAMIC_NO_PIC = NO;
				GCC_NO_COMMON_BLOCKS = YES;
				GCC_OPTIMIZATION_LEVEL = 0;
				GCC_PREPROCESSOR_DEFINITIONS = (
					"DEBUG=1",
					"$(inherited)",
				);
				GCC_WARN_64_TO_32_BIT_CONVERSION = YES;
				GCC_WARN_ABOUT_RETURN_TYPE = YES_ERROR;
				GCC_WARN_UNDECLARED_SELECTOR = YES;
				GCC_WARN_UNINITIALIZED_AUTOS = YES_AGGRESSIVE;
				GCC_WARN_UNUSED_FUNCTION = YES;
				GCC_WARN_UNUSED_VARIABLE = YES;
				IPHONEOS_DEPLOYMENT_TARGET = 17.0;
				LOCALIZATION_PREFERS_STRING_CATALOGS = YES;
				MTL_ENABLE_DEBUG_INFO = INCLUDE_SOURCE;
				MTL_FAST_MATH = YES;
				ONLY_ACTIVE_ARCH = YES;
				SDKROOT = iphoneos;
				SWIFT_ACTIVE_COMPILATION_CONDITIONS = "DEBUG $(inherited)";
				SWIFT_OPTIMIZATION_LEVEL = "-Onone";
			};
			name = Debug;
		};
		DE6DCD492B0623E8009236FD /* Release */ = {
			isa = XCBuildConfiguration;
			buildSettings = {
				ALWAYS_SEARCH_USER_PATHS = NO;
				ASSETCATALOG_COMPILER_GENERATE_SWIFT_ASSET_SYMBOL_EXTENSIONS = YES;
				CLANG_ANALYZER_NONNULL = YES;
				CLANG_ANALYZER_NUMBER_OBJECT_CONVERSION = YES_AGGRESSIVE;
				CLANG_CXX_LANGUAGE_STANDARD = "gnu++20";
				CLANG_ENABLE_MODULES = YES;
				CLANG_ENABLE_OBJC_ARC = YES;
				CLANG_ENABLE_OBJC_WEAK = YES;
				CLANG_WARN_BLOCK_CAPTURE_AUTORELEASING = YES;
				CLANG_WARN_BOOL_CONVERSION = YES;
				CLANG_WARN_COMMA = YES;
				CLANG_WARN_CONSTANT_CONVERSION = YES;
				CLANG_WARN_DEPRECATED_OBJC_IMPLEMENTATIONS = YES;
				CLANG_WARN_DIRECT_OBJC_ISA_USAGE = YES_ERROR;
				CLANG_WARN_DOCUMENTATION_COMMENTS = YES;
				CLANG_WARN_EMPTY_BODY = YES;
				CLANG_WARN_ENUM_CONVERSION = YES;
				CLANG_WARN_INFINITE_RECURSION = YES;
				CLANG_WARN_INT_CONVERSION = YES;
				CLANG_WARN_NON_LITERAL_NULL_CONVERSION = YES;
				CLANG_WARN_OBJC_IMPLICIT_RETAIN_SELF = YES;
				CLANG_WARN_OBJC_LITERAL_CONVERSION = YES;
				CLANG_WARN_OBJC_ROOT_CLASS = YES_ERROR;
				CLANG_WARN_QUOTED_INCLUDE_IN_FRAMEWORK_HEADER = YES;
				CLANG_WARN_RANGE_LOOP_ANALYSIS = YES;
				CLANG_WARN_STRICT_PROTOTYPES = YES;
				CLANG_WARN_SUSPICIOUS_MOVE = YES;
				CLANG_WARN_UNGUARDED_AVAILABILITY = YES_AGGRESSIVE;
				CLANG_WARN_UNREACHABLE_CODE = YES;
				CLANG_WARN__DUPLICATE_METHOD_MATCH = YES;
				COPY_PHASE_STRIP = NO;
				DEBUG_INFORMATION_FORMAT = "dwarf-with-dsym";
				ENABLE_NS_ASSERTIONS = NO;
				ENABLE_STRICT_OBJC_MSGSEND = YES;
				ENABLE_USER_SCRIPT_SANDBOXING = YES;
				GCC_C_LANGUAGE_STANDARD = gnu17;
				GCC_NO_COMMON_BLOCKS = YES;
				GCC_WARN_64_TO_32_BIT_CONVERSION = YES;
				GCC_WARN_ABOUT_RETURN_TYPE = YES_ERROR;
				GCC_WARN_UNDECLARED_SELECTOR = YES;
				GCC_WARN_UNINITIALIZED_AUTOS = YES_AGGRESSIVE;
				GCC_WARN_UNUSED_FUNCTION = YES;
				GCC_WARN_UNUSED_VARIABLE = YES;
				IPHONEOS_DEPLOYMENT_TARGET = 17.0;
				LOCALIZATION_PREFERS_STRING_CATALOGS = YES;
				MTL_ENABLE_DEBUG_INFO = NO;
				MTL_FAST_MATH = YES;
				SDKROOT = iphoneos;
				SWIFT_COMPILATION_MODE = wholemodule;
				VALIDATE_PRODUCT = YES;
			};
			name = Release;
		};
		DE6DCD4B2B0623E8009236FD /* Debug */ = {
			isa = XCBuildConfiguration;
			buildSettings = {
				ASSETCATALOG_COMPILER_APPICON_NAME = AppIcon;
				ASSETCATALOG_COMPILER_GLOBAL_ACCENT_COLOR_NAME = AccentColor;
				CODE_SIGN_STYLE = Automatic;
				CURRENT_PROJECT_VERSION = 1;
				DEVELOPMENT_TEAM = 94879TT8BU;
				GENERATE_INFOPLIST_FILE = YES;
				INFOPLIST_FILE = WhipIt/Info.plist;
				INFOPLIST_KEY_UIApplicationSupportsIndirectInputEvents = YES;
				INFOPLIST_KEY_UILaunchStoryboardName = LaunchScreen;
				INFOPLIST_KEY_UISupportedInterfaceOrientations_iPad = "UIInterfaceOrientationPortrait UIInterfaceOrientationPortraitUpsideDown UIInterfaceOrientationLandscapeLeft UIInterfaceOrientationLandscapeRight";
				INFOPLIST_KEY_UISupportedInterfaceOrientations_iPhone = "UIInterfaceOrientationPortrait UIInterfaceOrientationLandscapeLeft UIInterfaceOrientationLandscapeRight";
				LD_RUNPATH_SEARCH_PATHS = (
					"$(inherited)",
					"@executable_path/Frameworks",
				);
				MARKETING_VERSION = 1.0;
				PRODUCT_BUNDLE_IDENTIFIER = com.chaewon.WhipIt;
				PRODUCT_NAME = "$(TARGET_NAME)";
				SWIFT_EMIT_LOC_STRINGS = YES;
				SWIFT_VERSION = 5.0;
				TARGETED_DEVICE_FAMILY = "1,2";
			};
			name = Debug;
		};
		DE6DCD4C2B0623E8009236FD /* Release */ = {
			isa = XCBuildConfiguration;
			buildSettings = {
				ASSETCATALOG_COMPILER_APPICON_NAME = AppIcon;
				ASSETCATALOG_COMPILER_GLOBAL_ACCENT_COLOR_NAME = AccentColor;
				CODE_SIGN_STYLE = Automatic;
				CURRENT_PROJECT_VERSION = 1;
				DEVELOPMENT_TEAM = 94879TT8BU;
				GENERATE_INFOPLIST_FILE = YES;
				INFOPLIST_FILE = WhipIt/Info.plist;
				INFOPLIST_KEY_UIApplicationSupportsIndirectInputEvents = YES;
				INFOPLIST_KEY_UILaunchStoryboardName = LaunchScreen;
				INFOPLIST_KEY_UISupportedInterfaceOrientations_iPad = "UIInterfaceOrientationPortrait UIInterfaceOrientationPortraitUpsideDown UIInterfaceOrientationLandscapeLeft UIInterfaceOrientationLandscapeRight";
				INFOPLIST_KEY_UISupportedInterfaceOrientations_iPhone = "UIInterfaceOrientationPortrait UIInterfaceOrientationLandscapeLeft UIInterfaceOrientationLandscapeRight";
				LD_RUNPATH_SEARCH_PATHS = (
					"$(inherited)",
					"@executable_path/Frameworks",
				);
				MARKETING_VERSION = 1.0;
				PRODUCT_BUNDLE_IDENTIFIER = com.chaewon.WhipIt;
				PRODUCT_NAME = "$(TARGET_NAME)";
				SWIFT_EMIT_LOC_STRINGS = YES;
				SWIFT_VERSION = 5.0;
				TARGETED_DEVICE_FAMILY = "1,2";
			};
			name = Release;
		};
		DE6DCD4E2B0623E8009236FD /* Debug */ = {
			isa = XCBuildConfiguration;
			buildSettings = {
				ALWAYS_EMBED_SWIFT_STANDARD_LIBRARIES = YES;
				BUNDLE_LOADER = "$(TEST_HOST)";
				CODE_SIGN_STYLE = Automatic;
				CURRENT_PROJECT_VERSION = 1;
				DEVELOPMENT_TEAM = 94879TT8BU;
				GENERATE_INFOPLIST_FILE = YES;
				IPHONEOS_DEPLOYMENT_TARGET = 17.0;
				MARKETING_VERSION = 1.0;
				PRODUCT_BUNDLE_IDENTIFIER = com.chaewon.WhipItTests;
				PRODUCT_NAME = "$(TARGET_NAME)";
				SWIFT_EMIT_LOC_STRINGS = NO;
				SWIFT_VERSION = 5.0;
				TARGETED_DEVICE_FAMILY = "1,2";
				TEST_HOST = "$(BUILT_PRODUCTS_DIR)/WhipIt.app/$(BUNDLE_EXECUTABLE_FOLDER_PATH)/WhipIt";
			};
			name = Debug;
		};
		DE6DCD4F2B0623E8009236FD /* Release */ = {
			isa = XCBuildConfiguration;
			buildSettings = {
				ALWAYS_EMBED_SWIFT_STANDARD_LIBRARIES = YES;
				BUNDLE_LOADER = "$(TEST_HOST)";
				CODE_SIGN_STYLE = Automatic;
				CURRENT_PROJECT_VERSION = 1;
				DEVELOPMENT_TEAM = 94879TT8BU;
				GENERATE_INFOPLIST_FILE = YES;
				IPHONEOS_DEPLOYMENT_TARGET = 17.0;
				MARKETING_VERSION = 1.0;
				PRODUCT_BUNDLE_IDENTIFIER = com.chaewon.WhipItTests;
				PRODUCT_NAME = "$(TARGET_NAME)";
				SWIFT_EMIT_LOC_STRINGS = NO;
				SWIFT_VERSION = 5.0;
				TARGETED_DEVICE_FAMILY = "1,2";
				TEST_HOST = "$(BUILT_PRODUCTS_DIR)/WhipIt.app/$(BUNDLE_EXECUTABLE_FOLDER_PATH)/WhipIt";
			};
			name = Release;
		};
		DE6DCD512B0623E8009236FD /* Debug */ = {
			isa = XCBuildConfiguration;
			buildSettings = {
				ALWAYS_EMBED_SWIFT_STANDARD_LIBRARIES = YES;
				CODE_SIGN_STYLE = Automatic;
				CURRENT_PROJECT_VERSION = 1;
				DEVELOPMENT_TEAM = 94879TT8BU;
				GENERATE_INFOPLIST_FILE = YES;
				MARKETING_VERSION = 1.0;
				PRODUCT_BUNDLE_IDENTIFIER = com.chaewon.WhipItUITests;
				PRODUCT_NAME = "$(TARGET_NAME)";
				SWIFT_EMIT_LOC_STRINGS = NO;
				SWIFT_VERSION = 5.0;
				TARGETED_DEVICE_FAMILY = "1,2";
				TEST_TARGET_NAME = WhipIt;
			};
			name = Debug;
		};
		DE6DCD522B0623E8009236FD /* Release */ = {
			isa = XCBuildConfiguration;
			buildSettings = {
				ALWAYS_EMBED_SWIFT_STANDARD_LIBRARIES = YES;
				CODE_SIGN_STYLE = Automatic;
				CURRENT_PROJECT_VERSION = 1;
				DEVELOPMENT_TEAM = 94879TT8BU;
				GENERATE_INFOPLIST_FILE = YES;
				MARKETING_VERSION = 1.0;
				PRODUCT_BUNDLE_IDENTIFIER = com.chaewon.WhipItUITests;
				PRODUCT_NAME = "$(TARGET_NAME)";
				SWIFT_EMIT_LOC_STRINGS = NO;
				SWIFT_VERSION = 5.0;
				TARGETED_DEVICE_FAMILY = "1,2";
				TEST_TARGET_NAME = WhipIt;
			};
			name = Release;
		};
/* End XCBuildConfiguration section */

/* Begin XCConfigurationList section */
		DE6DCD1B2B0623E6009236FD /* Build configuration list for PBXProject "WhipIt" */ = {
			isa = XCConfigurationList;
			buildConfigurations = (
				DE6DCD482B0623E8009236FD /* Debug */,
				DE6DCD492B0623E8009236FD /* Release */,
			);
			defaultConfigurationIsVisible = 0;
			defaultConfigurationName = Release;
		};
		DE6DCD4A2B0623E8009236FD /* Build configuration list for PBXNativeTarget "WhipIt" */ = {
			isa = XCConfigurationList;
			buildConfigurations = (
				DE6DCD4B2B0623E8009236FD /* Debug */,
				DE6DCD4C2B0623E8009236FD /* Release */,
			);
			defaultConfigurationIsVisible = 0;
			defaultConfigurationName = Release;
		};
		DE6DCD4D2B0623E8009236FD /* Build configuration list for PBXNativeTarget "WhipItTests" */ = {
			isa = XCConfigurationList;
			buildConfigurations = (
				DE6DCD4E2B0623E8009236FD /* Debug */,
				DE6DCD4F2B0623E8009236FD /* Release */,
			);
			defaultConfigurationIsVisible = 0;
			defaultConfigurationName = Release;
		};
		DE6DCD502B0623E8009236FD /* Build configuration list for PBXNativeTarget "WhipItUITests" */ = {
			isa = XCConfigurationList;
			buildConfigurations = (
				DE6DCD512B0623E8009236FD /* Debug */,
				DE6DCD522B0623E8009236FD /* Release */,
			);
			defaultConfigurationIsVisible = 0;
			defaultConfigurationName = Release;
		};
/* End XCConfigurationList section */

/* Begin XCRemoteSwiftPackageReference section */
		DEF395852B2DEB050019FFE9 /* XCRemoteSwiftPackageReference "YPImagePicker" */ = {
			isa = XCRemoteSwiftPackageReference;
			repositoryURL = "https://github.com/Yummypets/YPImagePicker.git";
			requirement = {
				kind = upToNextMajorVersion;
				minimumVersion = 5.2.2;
			};
		};
		DEF395882B2DEB130019FFE9 /* XCRemoteSwiftPackageReference "Kingfisher" */ = {
			isa = XCRemoteSwiftPackageReference;
			repositoryURL = "https://github.com/onevcat/Kingfisher.git";
			requirement = {
				kind = upToNextMajorVersion;
				minimumVersion = 7.10.1;
			};
		};
		DEF3958B2B2DEB1B0019FFE9 /* XCRemoteSwiftPackageReference "IQKeyboardManager" */ = {
			isa = XCRemoteSwiftPackageReference;
			repositoryURL = "https://github.com/hackiftekhar/IQKeyboardManager.git";
			requirement = {
				kind = upToNextMajorVersion;
				minimumVersion = 6.5.16;
			};
		};
		DEF3958E2B2DEB2E0019FFE9 /* XCRemoteSwiftPackageReference "RxSwift" */ = {
			isa = XCRemoteSwiftPackageReference;
			repositoryURL = "https://github.com/ReactiveX/RxSwift.git";
			requirement = {
				kind = upToNextMajorVersion;
				minimumVersion = 6.6.0;
			};
		};
		DEF395932B2DEB3A0019FFE9 /* XCRemoteSwiftPackageReference "SnapKit" */ = {
			isa = XCRemoteSwiftPackageReference;
			repositoryURL = "https://github.com/SnapKit/SnapKit.git";
			requirement = {
				kind = upToNextMajorVersion;
				minimumVersion = 5.6.0;
			};
		};
		DEF395962B2DEB4F0019FFE9 /* XCRemoteSwiftPackageReference "Moya" */ = {
			isa = XCRemoteSwiftPackageReference;
			repositoryURL = "https://github.com/Moya/Moya.git";
			requirement = {
				kind = upToNextMajorVersion;
				minimumVersion = 15.0.3;
			};
		};
/* End XCRemoteSwiftPackageReference section */

/* Begin XCSwiftPackageProductDependency section */
		DEF395862B2DEB050019FFE9 /* YPImagePicker */ = {
			isa = XCSwiftPackageProductDependency;
			package = DEF395852B2DEB050019FFE9 /* XCRemoteSwiftPackageReference "YPImagePicker" */;
			productName = YPImagePicker;
		};
		DEF395892B2DEB130019FFE9 /* Kingfisher */ = {
			isa = XCSwiftPackageProductDependency;
			package = DEF395882B2DEB130019FFE9 /* XCRemoteSwiftPackageReference "Kingfisher" */;
			productName = Kingfisher;
		};
		DEF3958C2B2DEB1B0019FFE9 /* IQKeyboardManagerSwift */ = {
			isa = XCSwiftPackageProductDependency;
			package = DEF3958B2B2DEB1B0019FFE9 /* XCRemoteSwiftPackageReference "IQKeyboardManager" */;
			productName = IQKeyboardManagerSwift;
		};
		DEF3958F2B2DEB2E0019FFE9 /* RxCocoa */ = {
			isa = XCSwiftPackageProductDependency;
			package = DEF3958E2B2DEB2E0019FFE9 /* XCRemoteSwiftPackageReference "RxSwift" */;
			productName = RxCocoa;
		};
		DEF395912B2DEB2E0019FFE9 /* RxSwift */ = {
			isa = XCSwiftPackageProductDependency;
			package = DEF3958E2B2DEB2E0019FFE9 /* XCRemoteSwiftPackageReference "RxSwift" */;
			productName = RxSwift;
		};
		DEF395942B2DEB3A0019FFE9 /* SnapKit */ = {
			isa = XCSwiftPackageProductDependency;
			package = DEF395932B2DEB3A0019FFE9 /* XCRemoteSwiftPackageReference "SnapKit" */;
			productName = SnapKit;
		};
		DEF395972B2DEB4F0019FFE9 /* Moya */ = {
			isa = XCSwiftPackageProductDependency;
			package = DEF395962B2DEB4F0019FFE9 /* XCRemoteSwiftPackageReference "Moya" */;
			productName = Moya;
		};
		DEF395992B2DEB4F0019FFE9 /* RxMoya */ = {
			isa = XCSwiftPackageProductDependency;
			package = DEF395962B2DEB4F0019FFE9 /* XCRemoteSwiftPackageReference "Moya" */;
			productName = RxMoya;
		};
/* End XCSwiftPackageProductDependency section */
	};
	rootObject = DE6DCD182B0623E6009236FD /* Project object */;
}
